
Microsoft Visual Studio Solution File, Format Version 12.00
# Visual Studio 15
VisualStudioVersion = 15.0.28010.2036
MinimumVisualStudioVersion = 10.0.40219.1
Project("{FAE04EC0-301F-11D3-BF4B-00C04F79EFBC}") = "XiaoChanZui", "XiaoChanZui\XiaoChanZui.csproj", "{5BD10788-923D-4AE6-B717-4F6518167508}"
EndProject
Global
	GlobalSection(SolutionConfigurationPlatforms) = preSolution
		Debug|Any CPU = Debug|Any CPU
		Release|Any CPU = Release|Any CPU
	EndGlobalSection
	GlobalSection(ProjectConfigurationPlatforms) = postSolution
		{5BD10788-923D-4AE6-B717-4F6518167508}.Debug|Any CPU.ActiveCfg = Debug|Any CPU
		{5BD10788-923D-4AE6-B717-4F6518167508}.Debug|Any CPU.Build.0 = Debug|Any CPU
		{5BD10788-923D-4AE6-B717-4F6518167508}.Release|Any CPU.ActiveCfg = Release|Any CPU
		{5BD10788-923D-4AE6-B717-4F6518167508}.Release|Any CPU.Build.0 = Release|Any CPU
	EndGlobalSection
	GlobalSection(SolutionProperties) = preSolution
		HideSolutionNode = FALSE
	EndGlobalSection
	GlobalSection(ExtensibilityGlobals) = postSolution
		SolutionGuid = {B6EF0FE7-1207-4CEB-A856-572E02CD3707}
	EndGlobalSection
EndGlobal
